{
  "name": "mtga-local-experiment",
  "version": "0.1.0",
  "lockfileVersion": 3,
  "requires": true,
  "packages": {
    "": {
      "name": "mtga-local-experiment",
      "version": "0.1.0",
      "dependencies": {
        "mtga-reader": "^0.1.13"
      }
    },
    "node_modules/mtga-reader": {
      "version": "0.1.13",
      "resolved": "https://registry.npmjs.org/mtga-reader/-/mtga-reader-0.1.13.tgz",
      "integrity": "sha512-IHl0BmHmukvjhp0Ojf1QKPgpKoIDLEginAxmxZIo1TboIzbmDR2Bulw7dPh37ciMv6og3g66z1UNezddFnlvUQ==",
      "license": "GPL-3.0-only",
      "engines": {
        "node": ">= 16"
      }
    }
  }
}
